
Microsoft Visual Studio Solution File, Format Version 12.00
# Visual Studio Version 17
VisualStudioVersion = 17.8.34511.84
MinimumVisualStudioVersion = 10.0.40219.1
Project("{9A19103F-16F7-4668-BE54-9A1E7A4F7556}") = "ZatcaApi", "ZatcaApi\ZatcaApi.csproj", "{8A54D9D2-EDD0-481A-BF6A-C3E017A96752}"
EndProject
Project("{9A19103F-16F7-4668-BE54-9A1E7A4F7556}") = "Zatca.eInvoice", "Zatca.eInvoice\Zatca.eInvoice.csproj", "{4230F6CD-12C8-4D86-AB6C-C606D611BF87}"
EndProject
Global
	GlobalSection(SolutionConfigurationPlatforms) = preSolution
		Debug|Any CPU = Debug|Any CPU
		Release|Any CPU = Release|Any CPU
	EndGlobalSection
	GlobalSection(ProjectConfigurationPlatforms) = postSolution
		{8A54D9D2-EDD0-481A-BF6A-C3E017A96752}.Debug|Any CPU.ActiveCfg = Debug|Any CPU
		{8A54D9D2-EDD0-481A-BF6A-C3E017A96752}.Debug|Any CPU.Build.0 = Debug|Any CPU
		{8A54D9D2-EDD0-481A-BF6A-C3E017A96752}.Release|Any CPU.ActiveCfg = Release|Any CPU
		{8A54D9D2-EDD0-481A-BF6A-C3E017A96752}.Release|Any CPU.Build.0 = Release|Any CPU
		{4230F6CD-12C8-4D86-AB6C-C606D611BF87}.Debug|Any CPU.ActiveCfg = Debug|Any CPU
		{4230F6CD-12C8-4D86-AB6C-C606D611BF87}.Debug|Any CPU.Build.0 = Debug|Any CPU
		{4230F6CD-12C8-4D86-AB6C-C606D611BF87}.Release|Any CPU.ActiveCfg = Release|Any CPU
		{4230F6CD-12C8-4D86-AB6C-C606D611BF87}.Release|Any CPU.Build.0 = Release|Any CPU
	EndGlobalSection
	GlobalSection(SolutionProperties) = preSolution
		HideSolutionNode = FALSE
	EndGlobalSection
	GlobalSection(ExtensibilityGlobals) = postSolution
		SolutionGuid = {C47798EB-A775-4D7B-B617-F1950F3B4688}
	EndGlobalSection
EndGlobal
